
Microsoft Visual Studio Solution File, Format Version 12.00
# Visual Studio Version 17
VisualStudioVersion = 17.1.32319.34
MinimumVisualStudioVersion = 10.0.40219.1
Project("{FAE04EC0-301F-11D3-BF4B-00C04F79EFBC}") = "Noodle", "Noodle\Noodle.csproj", "{054AD87E-4D07-48F6-96FB-A1BA8C50DDEE}"
EndProject
Global
	GlobalSection(SolutionConfigurationPlatforms) = preSolution
		Debug|Any CPU = Debug|Any CPU
		Release|Any CPU = Release|Any CPU
	EndGlobalSection
	GlobalSection(ProjectConfigurationPlatforms) = postSolution
		{054AD87E-4D07-48F6-96FB-A1BA8C50DDEE}.Debug|Any CPU.ActiveCfg = Debug|Any CPU
		{054AD87E-4D07-48F6-96FB-A1BA8C50DDEE}.Debug|Any CPU.Build.0 = Debug|Any CPU
		{054AD87E-4D07-48F6-96FB-A1BA8C50DDEE}.Release|Any CPU.ActiveCfg = Release|Any CPU
		{054AD87E-4D07-48F6-96FB-A1BA8C50DDEE}.Release|Any CPU.Build.0 = Release|Any CPU
	EndGlobalSection
	GlobalSection(SolutionProperties) = preSolution
		HideSolutionNode = FALSE
	EndGlobalSection
	GlobalSection(ExtensibilityGlobals) = postSolution
		SolutionGuid = {AB3F3986-ED42-4688-9F6B-D784F44A3F1B}
	EndGlobalSection
EndGlobal
